<?xml version="1.0" encoding="utf-8"?>
<Project ToolsVersion="4.0" xmlns="http://schemas.microsoft.com/developer/msbuild/2003">
  <ItemGroup>
    <Filter Include="源文件">
      <UniqueIdentifier>{4FC737F1-C7A5-4376-A066-2A32D752A2FF}</UniqueIdentifier>
      <Extensions>cpp;c;cc;cxx;def;odl;idl;hpj;bat;asm;asmx</Extensions>
    </Filter>
    <Filter Include="头文件">
      <UniqueIdentifier>{93995380-89BD-4b04-88EB-625FBE52EBFB}</UniqueIdentifier>
      <Extensions>h;hh;hpp;hxx;hm;inl;inc;xsd</Extensions>
    </Filter>
    <Filter Include="资源文件">
      <UniqueIdentifier>{67DA6AB6-F800-4c08-8B7A-83BB121AAD01}</UniqueIdentifier>
      <Extensions>rc;ico;cur;bmp;dlg;rc2;rct;bin;rgs;gif;jpg;jpeg;jpe;resx;tiff;tif;png;wav;mfcribbon-ms</Extensions>
    </Filter>
  </ItemGroup>
  <ItemGroup>
    <ClInclude Include="BoxEvaluator.h">
      <Filter>头文件</Filter>
    </ClInclude>
    <ClInclude Include="BoxMatrix.h">
      <Filter>头文件</Filter>
    </ClInclude>
    <ClInclude Include="BoxOverlap.h">
      <Filter>头文件</Filter>
    </ClInclude>
    <ClInclude Include="BoxOverlapRelative.h">
      <Filter>头文件</Filter>
    </ClInclude>
    <ClInclude Include="CIL.h">
      <Filter>头文件</Filter>
    </ClInclude>
    <ClInclude Include="ErrorHandling.h">
      <Filter>头文件</Filter>
    </ClInclude>
    <ClInclude Include="Matrix.h">
      <Filter>头文件</Filter>
    </ClInclude>
    <ClInclude Include="Matrix_Invert.h">
      <Filter>头文件</Filter>
    </ClInclude>
    <ClInclude Include="MatrixDef.h">
      <Filter>头文件</Filter>
    </ClInclude>
    <ClInclude Include="OptionContainer.h">
      <Filter>头文件</Filter>
    </ClInclude>
    <ClInclude Include="ParameterParsing.h">
      <Filter>头文件</Filter>
    </ClInclude>
    <ClInclude Include="Rect.h">
      <Filter>头文件</Filter>
    </ClInclude>
    <ClInclude Include="RectEval.h">
      <Filter>头文件</Filter>
    </ClInclude>
    <ClInclude Include="RectEvalList.h">
      <Filter>头文件</Filter>
    </ClInclude>
    <ClInclude Include="RectVectorAccessor.h">
      <Filter>头文件</Filter>
    </ClInclude>
    <ClInclude Include="Vector.h">
      <Filter>头文件</Filter>
    </ClInclude>
    <ClInclude Include="VectorDef.h">
      <Filter>头文件</Filter>
    </ClInclude>
    <ClInclude Include="visualbug.h">
      <Filter>头文件</Filter>
    </ClInclude>
  </ItemGroup>
  <ItemGroup>
    <ClCompile Include="BoxEvaluator.cc">
      <Filter>源文件</Filter>
    </ClCompile>
    <ClCompile Include="BoxMatrix.cpp">
      <Filter>源文件</Filter>
    </ClCompile>
    <ClCompile Include="BoxOverlap.cpp">
      <Filter>源文件</Filter>
    </ClCompile>
    <ClCompile Include="CIL.cpp">
      <Filter>源文件</Filter>
    </ClCompile>
    <ClCompile Include="evaldetection.cpp">
      <Filter>源文件</Filter>
    </ClCompile>
    <ClCompile Include="OptionContainer.cpp">
      <Filter>源文件</Filter>
    </ClCompile>
    <ClCompile Include="ParameterParsing.cpp">
      <Filter>源文件</Filter>
    </ClCompile>
    <ClCompile Include="readdeteval.cpp">
      <Filter>源文件</Filter>
    </ClCompile>
    <ClCompile Include="Rect.cpp">
      <Filter>源文件</Filter>
    </ClCompile>
    <ClCompile Include="RectEval.cpp">
      <Filter>源文件</Filter>
    </ClCompile>
    <ClCompile Include="RectEvalList.cpp">
      <Filter>源文件</Filter>
    </ClCompile>
    <ClCompile Include="evaldetection1.cpp">
      <Filter>源文件</Filter>
    </ClCompile>
    <ClCompile Include="readdeteval1.cpp">
      <Filter>源文件</Filter>
    </ClCompile>
  </ItemGroup>
</Project>